Microsoft Visual Studio Solution File, Format Version 11.00
# Visual Studio 2008

Project("{DCD925B5-306A-32F0-9047-25DB19234151}") = "BearRun", "Assembly-CSharp.csproj", "{D8AC4BD5-231E-3FE3-E5F1-9EF29441E4C7}"
EndProject
Global
	GlobalSection(SolutionConfigurationPlatforms) = preSolution
		Debug|Any CPU = Debug|Any CPU
		Release|Any CPU = Release|Any CPU
	EndGlobalSection
	GlobalSection(ProjectConfigurationPlatforms) = postSolution
		{D8AC4BD5-231E-3FE3-E5F1-9EF29441E4C7}.Debug|Any CPU.ActiveCfg = Debug|Any CPU
		{D8AC4BD5-231E-3FE3-E5F1-9EF29441E4C7}.Debug|Any CPU.Build.0 = Debug|Any CPU
		{D8AC4BD5-231E-3FE3-E5F1-9EF29441E4C7}.Release|Any CPU.ActiveCfg = Release|Any CPU
		{D8AC4BD5-231E-3FE3-E5F1-9EF29441E4C7}.Release|Any CPU.Build.0 = Release|Any CPU
	EndGlobalSection
	GlobalSection(SolutionProperties) = preSolution
		HideSolutionNode = FALSE
	EndGlobalSection
	GlobalSection(MonoDevelopProperties) = preSolution
		StartupItem = Assembly-CSharp.csproj
	EndGlobalSection
EndGlobal
